
Microsoft Visual Studio Solution File, Format Version 12.00
# Visual Studio Version 17
VisualStudioVersion = 17.9.34616.47
MinimumVisualStudioVersion = 10.0.40219.1
Project("{FAE04EC0-301F-11D3-BF4B-00C04F79EFBC}") = "ActividadRellenarForm", "ActividadRellenarForm.csproj", "{EA03203B-AC64-4A97-A982-547B24895237}"
EndProject
Global
	GlobalSection(SolutionConfigurationPlatforms) = preSolution
		Debug|Any CPU = Debug|Any CPU
		Release|Any CPU = Release|Any CPU
	EndGlobalSection
	GlobalSection(ProjectConfigurationPlatforms) = postSolution
		{EA03203B-AC64-4A97-A982-547B24895237}.Debug|Any CPU.ActiveCfg = Debug|Any CPU
		{EA03203B-AC64-4A97-A982-547B24895237}.Debug|Any CPU.Build.0 = Debug|Any CPU
		{EA03203B-AC64-4A97-A982-547B24895237}.Release|Any CPU.ActiveCfg = Release|Any CPU
		{EA03203B-AC64-4A97-A982-547B24895237}.Release|Any CPU.Build.0 = Release|Any CPU
	EndGlobalSection
	GlobalSection(SolutionProperties) = preSolution
		HideSolutionNode = FALSE
	EndGlobalSection
	GlobalSection(ExtensibilityGlobals) = postSolution
		SolutionGuid = {4CD3C01B-825D-41A6-A612-F93F775F938E}
	EndGlobalSection
EndGlobal
